// !$*UTF8*$!
{
	archiveVersion = 1;
	classes = {
	};
	objectVersion = 46;
	objects = {

/* Begin PBXBuildFile section */
		3D7E86A01A7F519500FB8B5E /* AppDelegate.swift in Sources */ = {isa = PBXBuildFile; fileRef = 3D7E869F1A7F519500FB8B5E /* AppDelegate.swift */; };
		3D7E86A21A7F519500FB8B5E /* ViewController.swift in Sources */ = {isa = PBXBuildFile; fileRef = 3D7E86A11A7F519500FB8B5E /* ViewController.swift */; };
		3D7E86A51A7F519500FB8B5E /* Main.storyboard in Resources */ = {isa = PBXBuildFile; fileRef = 3D7E86A31A7F519500FB8B5E /* Main.storyboard */; };
		3D7E86A71A7F519500FB8B5E /* Images.xcassets in Resources */ = {isa = PBXBuildFile; fileRef = 3D7E86A61A7F519500FB8B5E /* Images.xcassets */; };
		3D7E86AA1A7F519500FB8B5E /* LaunchScreen.xib in Resources */ = {isa = PBXBuildFile; fileRef = 3D7E86A81A7F519500FB8B5E /* LaunchScreen.xib */; };
		3D7E86B61A7F519500FB8B5E /* scrollTestTests.swift in Sources */ = {isa = PBXBuildFile; fileRef = 3D7E86B51A7F519500FB8B5E /* scrollTestTests.swift */; };
/* End PBXBuildFile section */

/* Begin PBXContainerItemProxy section */
		3D7E86B01A7F519500FB8B5E /* PBXContainerItemProxy */ = {
			isa = PBXContainerItemProxy;
			containerPortal = 3D7E86921A7F519500FB8B5E /* Project object */;
			proxyType = 1;
			remoteGlobalIDString = 3D7E86991A7F519500FB8B5E;
			remoteInfo = scrollTest;
		};
/* End PBXContainerItemProxy section */

/* Begin PBXFileReference section */
		3D7E869A1A7F519500FB8B5E /* scrollTest.app */ = {isa = PBXFileReference; explicitFileType = wrapper.application; includeInIndex = 0; path = scrollTest.app; sourceTree = BUILT_PRODUCTS_DIR; };
		3D7E869E1A7F519500FB8B5E /* Info.plist */ = {isa = PBXFileReference; lastKnownFileType = text.plist.xml; path = Info.plist; sourceTree = "<group>"; };
		3D7E869F1A7F519500FB8B5E /* AppDelegate.swift */ = {isa = PBXFileReference; lastKnownFileType = sourcecode.swift; path = AppDelegate.swift; sourceTree = "<group>"; };
		3D7E86A11A7F519500FB8B5E /* ViewController.swift */ = {isa = PBXFileReference; lastKnownFileType = sourcecode.swift; path = ViewController.swift; sourceTree = "<group>"; };
		3D7E86A41A7F519500FB8B5E /* Base */ = {isa = PBXFileReference; lastKnownFileType = file.storyboard; name = Base; path = Base.lproj/Main.storyboard; sourceTree = "<group>"; };
		3D7E86A61A7F519500FB8B5E /* Images.xcassets */ = {isa = PBXFileReference; lastKnownFileType = folder.assetcatalog; path = Images.xcassets; sourceTree = "<group>"; };
		3D7E86A91A7F519500FB8B5E /* Base */ = {isa = PBXFileReference; lastKnownFileType = file.xib; name = Base; path = Base.lproj/LaunchScreen.xib; sourceTree = "<group>"; };
		3D7E86AF1A7F519500FB8B5E /* scrollTestTests.xctest */ = {isa = PBXFileReference; explicitFileType = wrapper.cfbundle; includeInIndex = 0; path = scrollTestTests.xctest; sourceTree = BUILT_PRODUCTS_DIR; };
		3D7E86B41A7F519500FB8B5E /* Info.plist */ = {isa = PBXFileReference; lastKnownFileType = text.plist.xml; path = Info.plist; sourceTree = "<group>"; };
		3D7E86B51A7F519500FB8B5E /* scrollTestTests.swift */ = {isa = PBXFileReference; lastKnownFileType = sourcecode.swift; path = scrollTestTests.swift; sourceTree = "<group>"; };
/* End PBXFileReference section */

/* Begin PBXFrameworksBuildPhase section */
		3D7E86971A7F519500FB8B5E /* Frameworks */ = {
			isa = PBXFrameworksBuildPhase;
			buildActionMask = 2147483647;
			files = (
			);
			runOnlyForDeploymentPostprocessing = 0;
		};
		3D7E86AC1A7F519500FB8B5E /* Frameworks */ = {
			isa = PBXFrameworksBuildPhase;
			buildActionMask = 2147483647;
			files = (
			);
			runOnlyForDeploymentPostprocessing = 0;
		};
/* End PBXFrameworksBuildPhase section */

/* Begin PBXGroup section */
		3D7E86911A7F519500FB8B5E = {
			isa = PBXGroup;
			children = (
				3D7E869C1A7F519500FB8B5E /* scrollTest */,
				3D7E86B21A7F519500FB8B5E /* scrollTestTests */,
				3D7E869B1A7F519500FB8B5E /* Products */,
			);
			sourceTree = "<group>";
		};
		3D7E869B1A7F519500FB8B5E /* Products */ = {
			isa = PBXGroup;
			children = (
				3D7E869A1A7F519500FB8B5E /* scrollTest.app */,
				3D7E86AF1A7F519500FB8B5E /* scrollTestTests.xctest */,
			);
			name = Products;
			sourceTree = "<group>";
		};
		3D7E869C1A7F519500FB8B5E /* scrollTest */ = {
			isa = PBXGroup;
			children = (
				3D7E869F1A7F519500FB8B5E /* AppDelegate.swift */,
				3D7E86A11A7F519500FB8B5E /* ViewController.swift */,
				3D7E86A31A7F519500FB8B5E /* Main.storyboard */,
				3D7E86A61A7F519500FB8B5E /* Images.xcassets */,
				3D7E86A81A7F519500FB8B5E /* LaunchScreen.xib */,
				3D7E869D1A7F519500FB8B5E /* Supporting Files */,
			);
			path = scrollTest;
			sourceTree = "<group>";
		};
		3D7E869D1A7F519500FB8B5E /* Supporting Files */ = {
			isa = PBXGroup;
			children = (
				3D7E869E1A7F519500FB8B5E /* Info.plist */,
			);
			name = "Supporting Files";
			sourceTree = "<group>";
		};
		3D7E86B21A7F519500FB8B5E /* scrollTestTests */ = {
			isa = PBXGroup;
			children = (
				3D7E86B51A7F519500FB8B5E /* scrollTestTests.swift */,
				3D7E86B31A7F519500FB8B5E /* Supporting Files */,
			);
			path = scrollTestTests;
			sourceTree = "<group>";
		};
		3D7E86B31A7F519500FB8B5E /* Supporting Files */ = {
			isa = PBXGroup;
			children = (
				3D7E86B41A7F519500FB8B5E /* Info.plist */,
			);
			name = "Supporting Files";
			sourceTree = "<group>";
		};
/* End PBXGroup section */

/* Begin PBXNativeTarget section */
		3D7E86991A7F519500FB8B5E /* scrollTest */ = {
			isa = PBXNativeTarget;
			buildConfigurationList = 3D7E86B91A7F519500FB8B5E /* Build configuration list for PBXNativeTarget "scrollTest" */;
			buildPhases = (
				3D7E86961A7F519500FB8B5E /* Sources */,
				3D7E86971A7F519500FB8B5E /* Frameworks */,
				3D7E86981A7F519500FB8B5E /* Resources */,
			);
			buildRules = (
			);
			dependencies = (
			);
			name = scrollTest;
			productName = scrollTest;
			productReference = 3D7E869A1A7F519500FB8B5E /* scrollTest.app */;
			productType = "com.apple.product-type.application";
		};
		3D7E86AE1A7F519500FB8B5E /* scrollTestTests */ = {
			isa = PBXNativeTarget;
			buildConfigurationList = 3D7E86BC1A7F519500FB8B5E /* Build configuration list for PBXNativeTarget "scrollTestTests" */;
			buildPhases = (
				3D7E86AB1A7F519500FB8B5E /* Sources */,
				3D7E86AC1A7F519500FB8B5E /* Frameworks */,
				3D7E86AD1A7F519500FB8B5E /* Resources */,
			);
			buildRules = (
			);
			dependencies = (
				3D7E86B11A7F519500FB8B5E /* PBXTargetDependency */,
			);
			name = scrollTestTests;
			productName = scrollTestTests;
			productReference = 3D7E86AF1A7F519500FB8B5E /* scrollTestTests.xctest */;
			productType = "com.apple.product-type.bundle.unit-test";
		};
/* End PBXNativeTarget section */

/* Begin PBXProject section */
		3D7E86921A7F519500FB8B5E /* Project object */ = {
			isa = PBXProject;
			attributes = {
				LastUpgradeCheck = 0610;
				ORGANIZATIONNAME = "Maya Venkatraman";
				TargetAttributes = {
					3D7E86991A7F519500FB8B5E = {
						CreatedOnToolsVersion = 6.1.1;
					};
					3D7E86AE1A7F519500FB8B5E = {
						CreatedOnToolsVersion = 6.1.1;
						TestTargetID = 3D7E86991A7F519500FB8B5E;
					};
				};
			};
			buildConfigurationList = 3D7E86951A7F519500FB8B5E /* Build configuration list for PBXProject "scrollTest" */;
			compatibilityVersion = "Xcode 3.2";
			developmentRegion = English;
			hasScannedForEncodings = 0;
			knownRegions = (
				en,
				Base,
			);
			mainGroup = 3D7E86911A7F519500FB8B5E;
			productRefGroup = 3D7E869B1A7F519500FB8B5E /* Products */;
			projectDirPath = "";
			projectRoot = "";
			targets = (
				3D7E86991A7F519500FB8B5E /* scrollTest */,
				3D7E86AE1A7F519500FB8B5E /* scrollTestTests */,
			);
		};
/* End PBXProject section */

/* Begin PBXResourcesBuildPhase section */
		3D7E86981A7F519500FB8B5E /* Resources */ = {
			isa = PBXResourcesBuildPhase;
			buildActionMask = 2147483647;
			files = (
				3D7E86A51A7F519500FB8B5E /* Main.storyboard in Resources */,
				3D7E86AA1A7F519500FB8B5E /* LaunchScreen.xib in Resources */,
				3D7E86A71A7F519500FB8B5E /* Images.xcassets in Resources */,
			);
			runOnlyForDeploymentPostprocessing = 0;
		};
		3D7E86AD1A7F519500FB8B5E /* Resources */ = {
			isa = PBXResourcesBuildPhase;
			buildActionMask = 2147483647;
			files = (
			);
			runOnlyForDeploymentPostprocessing = 0;
		};
/* End PBXResourcesBuildPhase section */

/* Begin PBXSourcesBuildPhase section */
		3D7E86961A7F519500FB8B5E /* Sources */ = {
			isa = PBXSourcesBuildPhase;
			buildActionMask = 2147483647;
			files = (
				3D7E86A21A7F519500FB8B5E /* ViewController.swift in Sources */,
				3D7E86A01A7F519500FB8B5E /* AppDelegate.swift in Sources */,
			);
			runOnlyForDeploymentPostprocessing = 0;
		};
		3D7E86AB1A7F519500FB8B5E /* Sources */ = {
			isa = PBXSourcesBuildPhase;
			buildActionMask = 2147483647;
			files = (
				3D7E86B61A7F519500FB8B5E /* scrollTestTests.swift in Sources */,
			);
			runOnlyForDeploymentPostprocessing = 0;
		};
/* End PBXSourcesBuildPhase section */

/* Begin PBXTargetDependency section */
		3D7E86B11A7F519500FB8B5E /* PBXTargetDependency */ = {
			isa = PBXTargetDependency;
			target = 3D7E86991A7F519500FB8B5E /* scrollTest */;
			targetProxy = 3D7E86B01A7F519500FB8B5E /* PBXContainerItemProxy */;
		};
/* End PBXTargetDependency section */

/* Begin PBXVariantGroup section */
		3D7E86A31A7F519500FB8B5E /* Main.storyboard */ = {
			isa = PBXVariantGroup;
			children = (
				3D7E86A41A7F519500FB8B5E /* Base */,
			);
			name = Main.storyboard;
			sourceTree = "<group>";
		};
		3D7E86A81A7F519500FB8B5E /* LaunchScreen.xib */ = {
			isa = PBXVariantGroup;
			children = (
				3D7E86A91A7F519500FB8B5E /* Base */,
			);
			name = LaunchScreen.xib;
			sourceTree = "<group>";
		};
/* End PBXVariantGroup section */

/* Begin XCBuildConfiguration section */
		3D7E86B71A7F519500FB8B5E /* Debug */ = {
			isa = XCBuildConfiguration;
			buildSettings = {
				ALWAYS_SEARCH_USER_PATHS = NO;
				CLANG_CXX_LANGUAGE_STANDARD = "gnu++0x";
				CLANG_CXX_LIBRARY = "libc++";
				CLANG_ENABLE_MODULES = YES;
				CLANG_ENABLE_OBJC_ARC = YES;
				CLANG_WARN_BOOL_CONVERSION = YES;
				CLANG_WARN_CONSTANT_CONVERSION = YES;
				CLANG_WARN_DIRECT_OBJC_ISA_USAGE = YES_ERROR;
				CLANG_WARN_EMPTY_BODY = YES;
				CLANG_WARN_ENUM_CONVERSION = YES;
				CLANG_WARN_INT_CONVERSION = YES;
				CLANG_WARN_OBJC_ROOT_CLASS = YES_ERROR;
				CLANG_WARN_UNREACHABLE_CODE = YES;
				CLANG_WARN__DUPLICATE_METHOD_MATCH = YES;
				"CODE_SIGN_IDENTITY[sdk=iphoneos*]" = "iPhone Developer";
				COPY_PHASE_STRIP = NO;
				ENABLE_STRICT_OBJC_MSGSEND = YES;
				GCC_C_LANGUAGE_STANDARD = gnu99;
				GCC_DYNAMIC_NO_PIC = NO;
				GCC_OPTIMIZATION_LEVEL = 0;
				GCC_PREPROCESSOR_DEFINITIONS = (
					"DEBUG=1",
					"$(inherited)",
				);
				GCC_SYMBOLS_PRIVATE_EXTERN = NO;
				GCC_WARN_64_TO_32_BIT_CONVERSION = YES;
				GCC_WARN_ABOUT_RETURN_TYPE = YES_ERROR;
				GCC_WARN_UNDECLARED_SELECTOR = YES;
				GCC_WARN_UNINITIALIZED_AUTOS = YES_AGGRESSIVE;
				GCC_WARN_UNUSED_FUNCTION = YES;
				GCC_WARN_UNUSED_VARIABLE = YES;
				IPHONEOS_DEPLOYMENT_TARGET = 8.1;
				MTL_ENABLE_DEBUG_INFO = YES;
				ONLY_ACTIVE_ARCH = YES;
				SDKROOT = iphoneos;
				SWIFT_OPTIMIZATION_LEVEL = "-Onone";
			};
			name = Debug;
		};
		3D7E86B81A7F519500FB8B5E /* Release */ = {
			isa = XCBuildConfiguration;
			buildSettings = {
				ALWAYS_SEARCH_USER_PATHS = NO;
				CLANG_CXX_LANGUAGE_STANDARD = "gnu++0x";
				CLANG_CXX_LIBRARY = "libc++";
				CLANG_ENABLE_MODULES = YES;
				CLANG_ENABLE_OBJC_ARC = YES;
				CLANG_WARN_BOOL_CONVERSION = YES;
				CLANG_WARN_CONSTANT_CONVERSION = YES;
				CLANG_WARN_DIRECT_OBJC_ISA_USAGE = YES_ERROR;
				CLANG_WARN_EMPTY_BODY = YES;
				CLANG_WARN_ENUM_CONVERSION = YES;
				CLANG_WARN_INT_CONVERSION = YES;
				CLANG_WARN_OBJC_ROOT_CLASS = YES_ERROR;
				CLANG_WARN_UNREACHABLE_CODE = YES;
				CLANG_WARN__DUPLICATE_METHOD_MATCH = YES;
				"CODE_SIGN_IDENTITY[sdk=iphoneos*]" = "iPhone Developer";
				COPY_PHASE_STRIP = YES;
				ENABLE_NS_ASSERTIONS = NO;
				ENABLE_STRICT_OBJC_MSGSEND = YES;
				GCC_C_LANGUAGE_STANDARD = gnu99;
				GCC_WARN_64_TO_32_BIT_CONVERSION = YES;
				GCC_WARN_ABOUT_RETURN_TYPE = YES_ERROR;
				GCC_WARN_UNDECLARED_SELECTOR = YES;
				GCC_WARN_UNINITIALIZED_AUTOS = YES_AGGRESSIVE;
				GCC_WARN_UNUSED_FUNCTION = YES;
				GCC_WARN_UNUSED_VARIABLE = YES;
				IPHONEOS_DEPLOYMENT_TARGET = 8.1;
				MTL_ENABLE_DEBUG_INFO = NO;
				SDKROOT = iphoneos;
				VALIDATE_PRODUCT = YES;
			};
			name = Release;
		};
		3D7E86BA1A7F519500FB8B5E /* Debug */ = {
			isa = XCBuildConfiguration;
			buildSettings = {
				ASSETCATALOG_COMPILER_APPICON_NAME = AppIcon;
				INFOPLIST_FILE = scrollTest/Info.plist;
				LD_RUNPATH_SEARCH_PATHS = "$(inherited) @executable_path/Frameworks";
				PRODUCT_NAME = "$(TARGET_NAME)";
			};
			name = Debug;
		};
		3D7E86BB1A7F519500FB8B5E /* Release */ = {
			isa = XCBuildConfiguration;
			buildSettings = {
				ASSETCATALOG_COMPILER_APPICON_NAME = AppIcon;
				INFOPLIST_FILE = scrollTest/Info.plist;
				LD_RUNPATH_SEARCH_PATHS = "$(inherited) @executable_path/Frameworks";
				PRODUCT_NAME = "$(TARGET_NAME)";
			};
			name = Release;
		};
		3D7E86BD1A7F519500FB8B5E /* Debug */ = {
			isa = XCBuildConfiguration;
			buildSettings = {
				BUNDLE_LOADER = "$(TEST_HOST)";
				FRAMEWORK_SEARCH_PATHS = (
					"$(SDKROOT)/Developer/Library/Frameworks",
					"$(inherited)",
				);
				GCC_PREPROCESSOR_DEFINITIONS = (
					"DEBUG=1",
					"$(inherited)",
				);
				INFOPLIST_FILE = scrollTestTests/Info.plist;
				LD_RUNPATH_SEARCH_PATHS = "$(inherited) @executable_path/Frameworks @loader_path/Frameworks";
				PRODUCT_NAME = "$(TARGET_NAME)";
				TEST_HOST = "$(BUILT_PRODUCTS_DIR)/scrollTest.app/scrollTest";
			};
			name = Debug;
		};
		3D7E86BE1A7F519500FB8B5E /* Release */ = {
			isa = XCBuildConfiguration;
			buildSettings = {
				BUNDLE_LOADER = "$(TEST_HOST)";
				FRAMEWORK_SEARCH_PATHS = (
					"$(SDKROOT)/Developer/Library/Frameworks",
					"$(inherited)",
				);
				INFOPLIST_FILE = scrollTestTests/Info.plist;
				LD_RUNPATH_SEARCH_PATHS = "$(inherited) @executable_path/Frameworks @loader_path/Frameworks";
				PRODUCT_NAME = "$(TARGET_NAME)";
				TEST_HOST = "$(BUILT_PRODUCTS_DIR)/scrollTest.app/scrollTest";
			};
			name = Release;
		};
/* End XCBuildConfiguration section */

/* Begin XCConfigurationList section */
		3D7E86951A7F519500FB8B5E /* Build configuration list for PBXProject "scrollTest" */ = {
			isa = XCConfigurationList;
			buildConfigurations = (
				3D7E86B71A7F519500FB8B5E /* Debug */,
				3D7E86B81A7F519500FB8B5E /* Release */,
			);
			defaultConfigurationIsVisible = 0;
			defaultConfigurationName = Release;
		};
		3D7E86B91A7F519500FB8B5E /* Build configuration list for PBXNativeTarget "scrollTest" */ = {
			isa = XCConfigurationList;
			buildConfigurations = (
				3D7E86BA1A7F519500FB8B5E /* Debug */,
				3D7E86BB1A7F519500FB8B5E /* Release */,
			);
			defaultConfigurationIsVisible = 0;
		};
		3D7E86BC1A7F519500FB8B5E /* Build configuration list for PBXNativeTarget "scrollTestTests" */ = {
			isa = XCConfigurationList;
			buildConfigurations = (
				3D7E86BD1A7F519500FB8B5E /* Debug */,
				3D7E86BE1A7F519500FB8B5E /* Release */,
			);
			defaultConfigurationIsVisible = 0;
		};
/* End XCConfigurationList section */
	};
	rootObject = 3D7E86921A7F519500FB8B5E /* Project object */;
}
